// !$*UTF8*$!
{
	archiveVersion = 1;
	classes = {
	};
	objectVersion = 77;
	objects = {

/* Begin PBXContainerItemProxy section */
		A985FB8D2DAC36710021067F /* PBXContainerItemProxy */ = {
			isa = PBXContainerItemProxy;
			containerPortal = A985FB6E2DAC36700021067F /* Project object */;
			proxyType = 1;
			remoteGlobalIDString = A985FB752DAC36700021067F;
			remoteInfo = TalluriGHw1;
		};
		A985FB972DAC36710021067F /* PBXContainerItemProxy */ = {
			isa = PBXContainerItemProxy;
			containerPortal = A985FB6E2DAC36700021067F /* Project object */;
			proxyType = 1;
			remoteGlobalIDString = A985FB752DAC36700021067F;
			remoteInfo = TalluriGHw1;
		};
/* End PBXContainerItemProxy section */

/* Begin PBXFileReference section */
		A985FB762DAC36700021067F /* TalluriGHw1.app */ = {isa = PBXFileReference; explicitFileType = wrapper.application; includeInIndex = 0; path = TalluriGHw1.app; sourceTree = BUILT_PRODUCTS_DIR; };
		A985FB8C2DAC36710021067F /* TalluriGHw1Tests.xctest */ = {isa = PBXFileReference; explicitFileType = wrapper.cfbundle; includeInIndex = 0; path = TalluriGHw1Tests.xctest; sourceTree = BUILT_PRODUCTS_DIR; };
		A985FB962DAC36710021067F /* TalluriGHw1UITests.xctest */ = {isa = PBXFileReference; explicitFileType = wrapper.cfbundle; includeInIndex = 0; path = TalluriGHw1UITests.xctest; sourceTree = BUILT_PRODUCTS_DIR; };
/* End PBXFileReference section */

/* Begin PBXFileSystemSynchronizedBuildFileExceptionSet section */
		A985FB9E2DAC36710021067F /* Exceptions for "TalluriGHw1" folder in "TalluriGHw1" target */ = {
			isa = PBXFileSystemSynchronizedBuildFileExceptionSet;
			membershipExceptions = (
				Info.plist,
			);
			target = A985FB752DAC36700021067F /* TalluriGHw1 */;
		};
/* End PBXFileSystemSynchronizedBuildFileExceptionSet section */

/* Begin PBXFileSystemSynchronizedRootGroup section */
		A985FB782DAC36700021067F /* TalluriGHw1 */ = {
			isa = PBXFileSystemSynchronizedRootGroup;
			exceptions = (
				A985FB9E2DAC36710021067F /* Exceptions for "TalluriGHw1" folder in "TalluriGHw1" target */,
			);
			path = TalluriGHw1;
			sourceTree = "<group>";
		};
		A985FB8F2DAC36710021067F /* TalluriGHw1Tests */ = {
			isa = PBXFileSystemSynchronizedRootGroup;
			path = TalluriGHw1Tests;
			sourceTree = "<group>";
		};
		A985FB992DAC36710021067F /* TalluriGHw1UITests */ = {
			isa = PBXFileSystemSynchronizedRootGroup;
			path = TalluriGHw1UITests;
			sourceTree = "<group>";
		};
/* End PBXFileSystemSynchronizedRootGroup section */

/* Begin PBXFrameworksBuildPhase section */
		A985FB732DAC36700021067F /* Frameworks */ = {
			isa = PBXFrameworksBuildPhase;
			buildActionMask = 2147483647;
			files = (
			);
			runOnlyForDeploymentPostprocessing = 0;
		};
		A985FB892DAC36710021067F /* Frameworks */ = {
			isa = PBXFrameworksBuildPhase;
			buildActionMask = 2147483647;
			files = (
			);
			runOnlyForDeploymentPostprocessing = 0;
		};
		A985FB932DAC36710021067F /* Frameworks */ = {
			isa = PBXFrameworksBuildPhase;
			buildActionMask = 2147483647;
			files = (
			);
			runOnlyForDeploymentPostprocessing = 0;
		};
/* End PBXFrameworksBuildPhase section */

/* Begin PBXGroup section */
		A985FB6D2DAC36700021067F = {
			isa = PBXGroup;
			children = (
				A985FB782DAC36700021067F /* TalluriGHw1 */,
				A985FB8F2DAC36710021067F /* TalluriGHw1Tests */,
				A985FB992DAC36710021067F /* TalluriGHw1UITests */,
				A985FB772DAC36700021067F /* Products */,
			);
			sourceTree = "<group>";
		};
		A985FB772DAC36700021067F /* Products */ = {
			isa = PBXGroup;
			children = (
				A985FB762DAC36700021067F /* TalluriGHw1.app */,
				A985FB8C2DAC36710021067F /* TalluriGHw1Tests.xctest */,
				A985FB962DAC36710021067F /* TalluriGHw1UITests.xctest */,
			);
			name = Products;
			sourceTree = "<group>";
		};
/* End PBXGroup section */

/* Begin PBXNativeTarget section */
		A985FB752DAC36700021067F /* TalluriGHw1 */ = {
			isa = PBXNativeTarget;
			buildConfigurationList = A985FB9F2DAC36710021067F /* Build configuration list for PBXNativeTarget "TalluriGHw1" */;
			buildPhases = (
				A985FB722DAC36700021067F /* Sources */,
				A985FB732DAC36700021067F /* Frameworks */,
				A985FB742DAC36700021067F /* Resources */,
			);
			buildRules = (
			);
			dependencies = (
			);
			fileSystemSynchronizedGroups = (
				A985FB782DAC36700021067F /* TalluriGHw1 */,
			);
			name = TalluriGHw1;
			packageProductDependencies = (
			);
			productName = TalluriGHw1;
			productReference = A985FB762DAC36700021067F /* TalluriGHw1.app */;
			productType = "com.apple.product-type.application";
		};
		A985FB8B2DAC36710021067F /* TalluriGHw1Tests */ = {
			isa = PBXNativeTarget;
			buildConfigurationList = A985FBA42DAC36710021067F /* Build configuration list for PBXNativeTarget "TalluriGHw1Tests" */;
			buildPhases = (
				A985FB882DAC36710021067F /* Sources */,
				A985FB892DAC36710021067F /* Frameworks */,
				A985FB8A2DAC36710021067F /* Resources */,
			);
			buildRules = (
			);
			dependencies = (
				A985FB8E2DAC36710021067F /* PBXTargetDependency */,
			);
			fileSystemSynchronizedGroups = (
				A985FB8F2DAC36710021067F /* TalluriGHw1Tests */,
			);
			name = TalluriGHw1Tests;
			packageProductDependencies = (
			);
			productName = TalluriGHw1Tests;
			productReference = A985FB8C2DAC36710021067F /* TalluriGHw1Tests.xctest */;
			productType = "com.apple.product-type.bundle.unit-test";
		};
		A985FB952DAC36710021067F /* TalluriGHw1UITests */ = {
			isa = PBXNativeTarget;
			buildConfigurationList = A985FBA72DAC36710021067F /* Build configuration list for PBXNativeTarget "TalluriGHw1UITests" */;
			buildPhases = (
				A985FB922DAC36710021067F /* Sources */,
				A985FB932DAC36710021067F /* Frameworks */,
				A985FB942DAC36710021067F /* Resources */,
			);
			buildRules = (
			);
			dependencies = (
				A985FB982DAC36710021067F /* PBXTargetDependency */,
			);
			fileSystemSynchronizedGroups = (
				A985FB992DAC36710021067F /* TalluriGHw1UITests */,
			);
			name = TalluriGHw1UITests;
			packageProductDependencies = (
			);
			productName = TalluriGHw1UITests;
			productReference = A985FB962DAC36710021067F /* TalluriGHw1UITests.xctest */;
			productType = "com.apple.product-type.bundle.ui-testing";
		};
/* End PBXNativeTarget section */

/* Begin PBXProject section */
		A985FB6E2DAC36700021067F /* Project object */ = {
			isa = PBXProject;
			attributes = {
				BuildIndependentTargetsInParallel = 1;
				LastSwiftUpdateCheck = 1620;
				LastUpgradeCheck = 1620;
				TargetAttributes = {
					A985FB752DAC36700021067F = {
						CreatedOnToolsVersion = 16.2;
					};
					A985FB8B2DAC36710021067F = {
						CreatedOnToolsVersion = 16.2;
						TestTargetID = A985FB752DAC36700021067F;
					};
					A985FB952DAC36710021067F = {
						CreatedOnToolsVersion = 16.2;
						TestTargetID = A985FB752DAC36700021067F;
					};
				};
			};
			buildConfigurationList = A985FB712DAC36700021067F /* Build configuration list for PBXProject "TalluriGHw1" */;
			developmentRegion = en;
			hasScannedForEncodings = 0;
			knownRegions = (
				en,
				Base,
			);
			mainGroup = A985FB6D2DAC36700021067F;
			minimizedProjectReferenceProxies = 1;
			preferredProjectObjectVersion = 77;
			productRefGroup = A985FB772DAC36700021067F /* Products */;
			projectDirPath = "";
			projectRoot = "";
			targets = (
				A985FB752DAC36700021067F /* TalluriGHw1 */,
				A985FB8B2DAC36710021067F /* TalluriGHw1Tests */,
				A985FB952DAC36710021067F /* TalluriGHw1UITests */,
			);
		};
/* End PBXProject section */

/* Begin PBXResourcesBuildPhase section */
		A985FB742DAC36700021067F /* Resources */ = {
			isa = PBXResourcesBuildPhase;
			buildActionMask = 2147483647;
			files = (
			);
			runOnlyForDeploymentPostprocessing = 0;
		};
		A985FB8A2DAC36710021067F /* Resources */ = {
			isa = PBXResourcesBuildPhase;
			buildActionMask = 2147483647;
			files = (
			);
			runOnlyForDeploymentPostprocessing = 0;
		};
		A985FB942DAC36710021067F /* Resources */ = {
			isa = PBXResourcesBuildPhase;
			buildActionMask = 2147483647;
			files = (
			);
			runOnlyForDeploymentPostprocessing = 0;
		};
/* End PBXResourcesBuildPhase section */

/* Begin PBXSourcesBuildPhase section */
		A985FB722DAC36700021067F /* Sources */ = {
			isa = PBXSourcesBuildPhase;
			buildActionMask = 2147483647;
			files = (
			);
			runOnlyForDeploymentPostprocessing = 0;
		};
		A985FB882DAC36710021067F /* Sources */ = {
			isa = PBXSourcesBuildPhase;
			buildActionMask = 2147483647;
			files = (
			);
			runOnlyForDeploymentPostprocessing = 0;
		};
		A985FB922DAC36710021067F /* Sources */ = {
			isa = PBXSourcesBuildPhase;
			buildActionMask = 2147483647;
			files = (
			);
			runOnlyForDeploymentPostprocessing = 0;
		};
/* End PBXSourcesBuildPhase section */

/* Begin PBXTargetDependency section */
		A985FB8E2DAC36710021067F /* PBXTargetDependency */ = {
			isa = PBXTargetDependency;
			target = A985FB752DAC36700021067F /* TalluriGHw1 */;
			targetProxy = A985FB8D2DAC36710021067F /* PBXContainerItemProxy */;
		};
		A985FB982DAC36710021067F /* PBXTargetDependency */ = {
			isa = PBXTargetDependency;
			target = A985FB752DAC36700021067F /* TalluriGHw1 */;
			targetProxy = A985FB972DAC36710021067F /* PBXContainerItemProxy */;
		};
/* End PBXTargetDependency section */

/* Begin XCBuildConfiguration section */
		A985FBA02DAC36710021067F /* Debug */ = {
			isa = XCBuildConfiguration;
			buildSettings = {
				ASSETCATALOG_COMPILER_APPICON_NAME = AppIcon;
				ASSETCATALOG_COMPILER_GLOBAL_ACCENT_COLOR_NAME = AccentColor;
				CODE_SIGN_STYLE = Automatic;
				CURRENT_PROJECT_VERSION = 1;
				GENERATE_INFOPLIST_FILE = YES;
				INFOPLIST_FILE = TalluriGHw1/Info.plist;
				INFOPLIST_KEY_UIApplicationSupportsIndirectInputEvents = YES;
				INFOPLIST_KEY_UILaunchStoryboardName = LaunchScreen;
				INFOPLIST_KEY_UIMainStoryboardFile = Main;
				INFOPLIST_KEY_UISupportedInterfaceOrientations_iPad = "UIInterfaceOrientationPortrait UIInterfaceOrientationPortraitUpsideDown UIInterfaceOrientationLandscapeLeft UIInterfaceOrientationLandscapeRight";
				INFOPLIST_KEY_UISupportedInterfaceOrientations_iPhone = "UIInterfaceOrientationPortrait UIInterfaceOrientationLandscapeLeft UIInterfaceOrientationLandscapeRight";
				LD_RUNPATH_SEARCH_PATHS = (
					"$(inherited)",
					"@executable_path/Frameworks",
				);
				MARKETING_VERSION = 1.0;
				PRODUCT_BUNDLE_IDENTIFIER = com.Gtallur1.TalluriGHw1;
				PRODUCT_NAME = "$(TARGET_NAME)";
				SWIFT_EMIT_LOC_STRINGS = YES;
				SWIFT_VERSION = 5.0;
				TARGETED_DEVICE_FAMILY = "1,2";
			};
			name = Debug;
		};
		A985FBA12DAC36710021067F /* Release */ = {
			isa = XCBuildConfiguration;
			buildSettings = {
				ASSETCATALOG_COMPILER_APPICON_NAME = AppIcon;
				ASSETCATALOG_COMPILER_GLOBAL_ACCENT_COLOR_NAME = AccentColor;
				CODE_SIGN_STYLE = Automatic;
				CURRENT_PROJECT_VERSION = 1;
				GENERATE_INFOPLIST_FILE = YES;
				INFOPLIST_FILE = TalluriGHw1/Info.plist;
				INFOPLIST_KEY_UIApplicationSupportsIndirectInputEvents = YES;
				INFOPLIST_KEY_UILaunchStoryboardName = LaunchScreen;
				INFOPLIST_KEY_UIMainStoryboardFile = Main;
				INFOPLIST_KEY_UISupportedInterfaceOrientations_iPad = "UIInterfaceOrientationPortrait UIInterfaceOrientationPortraitUpsideDown UIInterfaceOrientationLandscapeLeft UIInterfaceOrientationLandscapeRight";
				INFOPLIST_KEY_UISupportedInterfaceOrientations_iPhone = "UIInterfaceOrientationPortrait UIInterfaceOrientationLandscapeLeft UIInterfaceOrientationLandscapeRight";
				LD_RUNPATH_SEARCH_PATHS = (
					"$(inherited)",
					"@executable_path/Frameworks",
				);
				MARKETING_VERSION = 1.0;
				PRODUCT_BUNDLE_IDENTIFIER = com.Gtallur1.TalluriGHw1;
				PRODUCT_NAME = "$(TARGET_NAME)";
				SWIFT_EMIT_LOC_STRINGS = YES;
				SWIFT_VERSION = 5.0;
				TARGETED_DEVICE_FAMILY = "1,2";
			};
			name = Release;
		};
		A985FBA22DAC36710021067F /* Debug */ = {
			isa = XCBuildConfiguration;
			buildSettings = {
				ALWAYS_SEARCH_USER_PATHS = NO;
				ASSETCATALOG_COMPILER_GENERATE_SWIFT_ASSET_SYMBOL_EXTENSIONS = YES;
				CLANG_ANALYZER_NONNULL = YES;
				CLANG_ANALYZER_NUMBER_OBJECT_CONVERSION = YES_AGGRESSIVE;
				CLANG_CXX_LANGUAGE_STANDARD = "gnu++20";
				CLANG_ENABLE_MODULES = YES;
				CLANG_ENABLE_OBJC_ARC = YES;
				CLANG_ENABLE_OBJC_WEAK = YES;
				CLANG_WARN_BLOCK_CAPTURE_AUTORELEASING = YES;
				CLANG_WARN_BOOL_CONVERSION = YES;
				CLANG_WARN_COMMA = YES;
				CLANG_WARN_CONSTANT_CONVERSION = YES;
				CLANG_WARN_DEPRECATED_OBJC_IMPLEMENTATIONS = YES;
				CLANG_WARN_DIRECT_OBJC_ISA_USAGE = YES_ERROR;
				CLANG_WARN_DOCUMENTATION_COMMENTS = YES;
				CLANG_WARN_EMPTY_BODY = YES;
				CLANG_WARN_ENUM_CONVERSION = YES;
				CLANG_WARN_INFINITE_RECURSION = YES;
				CLANG_WARN_INT_CONVERSION = YES;
				CLANG_WARN_NON_LITERAL_NULL_CONVERSION = YES;
				CLANG_WARN_OBJC_IMPLICIT_RETAIN_SELF = YES;
				CLANG_WARN_OBJC_LITERAL_CONVERSION = YES;
				CLANG_WARN_OBJC_ROOT_CLASS = YES_ERROR;
				CLANG_WARN_QUOTED_INCLUDE_IN_FRAMEWORK_HEADER = YES;
				CLANG_WARN_RANGE_LOOP_ANALYSIS = YES;
				CLANG_WARN_STRICT_PROTOTYPES = YES;
				CLANG_WARN_SUSPICIOUS_MOVE = YES;
				CLANG_WARN_UNGUARDED_AVAILABILITY = YES_AGGRESSIVE;
				CLANG_WARN_UNREACHABLE_CODE = YES;
				CLANG_WARN__DUPLICATE_METHOD_MATCH = YES;
				COPY_PHASE_STRIP = NO;
				DEBUG_INFORMATION_FORMAT = dwarf;
				ENABLE_STRICT_OBJC_MSGSEND = YES;
				ENABLE_TESTABILITY = YES;
				ENABLE_USER_SCRIPT_SANDBOXING = YES;
				GCC_C_LANGUAGE_STANDARD = gnu17;
				GCC_DYNAMIC_NO_PIC = NO;
				GCC_NO_COMMON_BLOCKS = YES;
				GCC_OPTIMIZATION_LEVEL = 0;
				GCC_PREPROCESSOR_DEFINITIONS = (
					"DEBUG=1",
					"$(inherited)",
				);
				GCC_WARN_64_TO_32_BIT_CONVERSION = YES;
				GCC_WARN_ABOUT_RETURN_TYPE = YES_ERROR;
				GCC_WARN_UNDECLARED_SELECTOR = YES;
				GCC_WARN_UNINITIALIZED_AUTOS = YES_AGGRESSIVE;
				GCC_WARN_UNUSED_FUNCTION = YES;
				GCC_WARN_UNUSED_VARIABLE = YES;
				IPHONEOS_DEPLOYMENT_TARGET = 18.2;
				LOCALIZATION_PREFERS_STRING_CATALOGS = YES;
				MTL_ENABLE_DEBUG_INFO = INCLUDE_SOURCE;
				MTL_FAST_MATH = YES;
				ONLY_ACTIVE_ARCH = YES;
				SDKROOT = iphoneos;
				SWIFT_ACTIVE_COMPILATION_CONDITIONS = "DEBUG $(inherited)";
				SWIFT_OPTIMIZATION_LEVEL = "-Onone";
			};
			name = Debug;
		};
		A985FBA32DAC36710021067F /* Release */ = {
			isa = XCBuildConfiguration;
			buildSettings = {
				ALWAYS_SEARCH_USER_PATHS = NO;
				ASSETCATALOG_COMPILER_GENERATE_SWIFT_ASSET_SYMBOL_EXTENSIONS = YES;
				CLANG_ANALYZER_NONNULL = YES;
				CLANG_ANALYZER_NUMBER_OBJECT_CONVERSION = YES_AGGRESSIVE;
				CLANG_CXX_LANGUAGE_STANDARD = "gnu++20";
				CLANG_ENABLE_MODULES = YES;
				CLANG_ENABLE_OBJC_ARC = YES;
				CLANG_ENABLE_OBJC_WEAK = YES;
				CLANG_WARN_BLOCK_CAPTURE_AUTORELEASING = YES;
				CLANG_WARN_BOOL_CONVERSION = YES;
				CLANG_WARN_COMMA = YES;
				CLANG_WARN_CONSTANT_CONVERSION = YES;
				CLANG_WARN_DEPRECATED_OBJC_IMPLEMENTATIONS = YES;
				CLANG_WARN_DIRECT_OBJC_ISA_USAGE = YES_ERROR;
				CLANG_WARN_DOCUMENTATION_COMMENTS = YES;
				CLANG_WARN_EMPTY_BODY = YES;
				CLANG_WARN_ENUM_CONVERSION = YES;
				CLANG_WARN_INFINITE_RECURSION = YES;
				CLANG_WARN_INT_CONVERSION = YES;
				CLANG_WARN_NON_LITERAL_NULL_CONVERSION = YES;
				CLANG_WARN_OBJC_IMPLICIT_RETAIN_SELF = YES;
				CLANG_WARN_OBJC_LITERAL_CONVERSION = YES;
				CLANG_WARN_OBJC_ROOT_CLASS = YES_ERROR;
				CLANG_WARN_QUOTED_INCLUDE_IN_FRAMEWORK_HEADER = YES;
				CLANG_WARN_RANGE_LOOP_ANALYSIS = YES;
				CLANG_WARN_STRICT_PROTOTYPES = YES;
				CLANG_WARN_SUSPICIOUS_MOVE = YES;
				CLANG_WARN_UNGUARDED_AVAILABILITY = YES_AGGRESSIVE;
				CLANG_WARN_UNREACHABLE_CODE = YES;
				CLANG_WARN__DUPLICATE_METHOD_MATCH = YES;
				COPY_PHASE_STRIP = NO;
				DEBUG_INFORMATION_FORMAT = "dwarf-with-dsym";
				ENABLE_NS_ASSERTIONS = NO;
				ENABLE_STRICT_OBJC_MSGSEND = YES;
				ENABLE_USER_SCRIPT_SANDBOXING = YES;
				GCC_C_LANGUAGE_STANDARD = gnu17;
				GCC_NO_COMMON_BLOCKS = YES;
				GCC_WARN_64_TO_32_BIT_CONVERSION = YES;
				GCC_WARN_ABOUT_RETURN_TYPE = YES_ERROR;
				GCC_WARN_UNDECLARED_SELECTOR = YES;
				GCC_WARN_UNINITIALIZED_AUTOS = YES_AGGRESSIVE;
				GCC_WARN_UNUSED_FUNCTION = YES;
				GCC_WARN_UNUSED_VARIABLE = YES;
				IPHONEOS_DEPLOYMENT_TARGET = 18.2;
				LOCALIZATION_PREFERS_STRING_CATALOGS = YES;
				MTL_ENABLE_DEBUG_INFO = NO;
				MTL_FAST_MATH = YES;
				SDKROOT = iphoneos;
				SWIFT_COMPILATION_MODE = wholemodule;
				VALIDATE_PRODUCT = YES;
			};
			name = Release;
		};
		A985FBA52DAC36710021067F /* Debug */ = {
			isa = XCBuildConfiguration;
			buildSettings = {
				BUNDLE_LOADER = "$(TEST_HOST)";
				CODE_SIGN_STYLE = Automatic;
				CURRENT_PROJECT_VERSION = 1;
				GENERATE_INFOPLIST_FILE = YES;
				IPHONEOS_DEPLOYMENT_TARGET = 18.2;
				MARKETING_VERSION = 1.0;
				PRODUCT_BUNDLE_IDENTIFIER = com.Gtallur1.TalluriGHw1Tests;
				PRODUCT_NAME = "$(TARGET_NAME)";
				SWIFT_EMIT_LOC_STRINGS = NO;
				SWIFT_VERSION = 5.0;
				TARGETED_DEVICE_FAMILY = "1,2";
				TEST_HOST = "$(BUILT_PRODUCTS_DIR)/TalluriGHw1.app/$(BUNDLE_EXECUTABLE_FOLDER_PATH)/TalluriGHw1";
			};
			name = Debug;
		};
		A985FBA62DAC36710021067F /* Release */ = {
			isa = XCBuildConfiguration;
			buildSettings = {
				BUNDLE_LOADER = "$(TEST_HOST)";
				CODE_SIGN_STYLE = Automatic;
				CURRENT_PROJECT_VERSION = 1;
				GENERATE_INFOPLIST_FILE = YES;
				IPHONEOS_DEPLOYMENT_TARGET = 18.2;
				MARKETING_VERSION = 1.0;
				PRODUCT_BUNDLE_IDENTIFIER = com.Gtallur1.TalluriGHw1Tests;
				PRODUCT_NAME = "$(TARGET_NAME)";
				SWIFT_EMIT_LOC_STRINGS = NO;
				SWIFT_VERSION = 5.0;
				TARGETED_DEVICE_FAMILY = "1,2";
				TEST_HOST = "$(BUILT_PRODUCTS_DIR)/TalluriGHw1.app/$(BUNDLE_EXECUTABLE_FOLDER_PATH)/TalluriGHw1";
			};
			name = Release;
		};
		A985FBA82DAC36710021067F /* Debug */ = {
			isa = XCBuildConfiguration;
			buildSettings = {
				CODE_SIGN_STYLE = Automatic;
				CURRENT_PROJECT_VERSION = 1;
				GENERATE_INFOPLIST_FILE = YES;
				MARKETING_VERSION = 1.0;
				PRODUCT_BUNDLE_IDENTIFIER = com.Gtallur1.TalluriGHw1UITests;
				PRODUCT_NAME = "$(TARGET_NAME)";
				SWIFT_EMIT_LOC_STRINGS = NO;
				SWIFT_VERSION = 5.0;
				TARGETED_DEVICE_FAMILY = "1,2";
				TEST_TARGET_NAME = TalluriGHw1;
			};
			name = Debug;
		};
		A985FBA92DAC36710021067F /* Release */ = {
			isa = XCBuildConfiguration;
			buildSettings = {
				CODE_SIGN_STYLE = Automatic;
				CURRENT_PROJECT_VERSION = 1;
				GENERATE_INFOPLIST_FILE = YES;
				MARKETING_VERSION = 1.0;
				PRODUCT_BUNDLE_IDENTIFIER = com.Gtallur1.TalluriGHw1UITests;
				PRODUCT_NAME = "$(TARGET_NAME)";
				SWIFT_EMIT_LOC_STRINGS = NO;
				SWIFT_VERSION = 5.0;
				TARGETED_DEVICE_FAMILY = "1,2";
				TEST_TARGET_NAME = TalluriGHw1;
			};
			name = Release;
		};
/* End XCBuildConfiguration section */

/* Begin XCConfigurationList section */
		A985FB712DAC36700021067F /* Build configuration list for PBXProject "TalluriGHw1" */ = {
			isa = XCConfigurationList;
			buildConfigurations = (
				A985FBA22DAC36710021067F /* Debug */,
				A985FBA32DAC36710021067F /* Release */,
			);
			defaultConfigurationIsVisible = 0;
			defaultConfigurationName = Release;
		};
		A985FB9F2DAC36710021067F /* Build configuration list for PBXNativeTarget "TalluriGHw1" */ = {
			isa = XCConfigurationList;
			buildConfigurations = (
				A985FBA02DAC36710021067F /* Debug */,
				A985FBA12DAC36710021067F /* Release */,
			);
			defaultConfigurationIsVisible = 0;
			defaultConfigurationName = Release;
		};
		A985FBA42DAC36710021067F /* Build configuration list for PBXNativeTarget "TalluriGHw1Tests" */ = {
			isa = XCConfigurationList;
			buildConfigurations = (
				A985FBA52DAC36710021067F /* Debug */,
				A985FBA62DAC36710021067F /* Release */,
			);
			defaultConfigurationIsVisible = 0;
			defaultConfigurationName = Release;
		};
		A985FBA72DAC36710021067F /* Build configuration list for PBXNativeTarget "TalluriGHw1UITests" */ = {
			isa = XCConfigurationList;
			buildConfigurations = (
				A985FBA82DAC36710021067F /* Debug */,
				A985FBA92DAC36710021067F /* Release */,
			);
			defaultConfigurationIsVisible = 0;
			defaultConfigurationName = Release;
		};
/* End XCConfigurationList section */
	};
	rootObject = A985FB6E2DAC36700021067F /* Project object */;
}
